
Microsoft Visual Studio Solution File, Format Version 12.00
# Visual Studio Version 17
VisualStudioVersion = 17.3.32929.385
MinimumVisualStudioVersion = 10.0.40219.1
Project("{FAE04EC0-301F-11D3-BF4B-00C04F79EFBC}") = "DataTable", "DataTable.csproj", "{34324591-9146-47F0-B6C9-CB4FEDCF2369}"
EndProject
Global
	GlobalSection(SolutionConfigurationPlatforms) = preSolution
		Debug|Any CPU = Debug|Any CPU
		Release|Any CPU = Release|Any CPU
	EndGlobalSection
	GlobalSection(ProjectConfigurationPlatforms) = postSolution
		{34324591-9146-47F0-B6C9-CB4FEDCF2369}.Debug|Any CPU.ActiveCfg = Debug|Any CPU
		{34324591-9146-47F0-B6C9-CB4FEDCF2369}.Debug|Any CPU.Build.0 = Debug|Any CPU
		{34324591-9146-47F0-B6C9-CB4FEDCF2369}.Release|Any CPU.ActiveCfg = Release|Any CPU
		{34324591-9146-47F0-B6C9-CB4FEDCF2369}.Release|Any CPU.Build.0 = Release|Any CPU
	EndGlobalSection
	GlobalSection(SolutionProperties) = preSolution
		HideSolutionNode = FALSE
	EndGlobalSection
	GlobalSection(ExtensibilityGlobals) = postSolution
		SolutionGuid = {3FA49E24-D387-4C3C-9E0D-678330550BAD}
	EndGlobalSection
EndGlobal
